
Microsoft Visual Studio Solution File, Format Version 12.00
# Visual Studio Version 16
VisualStudioVersion = 16.0.30413.136
MinimumVisualStudioVersion = 10.0.40219.1
Project("{FAE04EC0-301F-11D3-BF4B-00C04F79EFBC}") = "buttonIndexer", "buttonIndexer.csproj", "{F8D8594A-79E8-47A9-BA2C-81EBB93AA463}"
EndProject
Project("{54435603-DBB4-11D2-8724-00A0C9A8B90C}") = "Setup", "..\Setup\Setup.vdproj", "{B30C3E74-0613-428A-86F5-D9236A5F6F7D}"
EndProject
Global
	GlobalSection(SolutionConfigurationPlatforms) = preSolution
		Debug|Any CPU = Debug|Any CPU
		Release|Any CPU = Release|Any CPU
	EndGlobalSection
	GlobalSection(ProjectConfigurationPlatforms) = postSolution
		{F8D8594A-79E8-47A9-BA2C-81EBB93AA463}.Debug|Any CPU.ActiveCfg = Release|Any CPU
		{F8D8594A-79E8-47A9-BA2C-81EBB93AA463}.Debug|Any CPU.Build.0 = Release|Any CPU
		{F8D8594A-79E8-47A9-BA2C-81EBB93AA463}.Release|Any CPU.ActiveCfg = Release|Any CPU
		{F8D8594A-79E8-47A9-BA2C-81EBB93AA463}.Release|Any CPU.Build.0 = Release|Any CPU
		{B30C3E74-0613-428A-86F5-D9236A5F6F7D}.Debug|Any CPU.ActiveCfg = Debug
		{B30C3E74-0613-428A-86F5-D9236A5F6F7D}.Release|Any CPU.ActiveCfg = Release
	EndGlobalSection
	GlobalSection(SolutionProperties) = preSolution
		HideSolutionNode = FALSE
	EndGlobalSection
	GlobalSection(ExtensibilityGlobals) = postSolution
		SolutionGuid = {E1AF55B2-2210-4998-8F3D-DA8C6B764FA3}
	EndGlobalSection
EndGlobal
